
Microsoft Visual Studio Solution File, Format Version 12.00
# Visual Studio Version 17
VisualStudioVersion = 17.10.35122.118
MinimumVisualStudioVersion = 10.0.40219.1
Project("{FAE04EC0-301F-11D3-BF4B-00C04F79EFBC}") = "CardGameScoreCalculator", "CardGameScoreCalculator\CardGameScoreCalculator.csproj", "{397AB237-0F54-48A8-A5E6-9EFBEDC4DDF2}"
EndProject
Project("{FAE04EC0-301F-11D3-BF4B-00C04F79EFBC}") = "CardGameTests", "CardGameTests\CardGameTests.csproj", "{6D42A704-E4DA-4D58-BA86-CFE80297C82F}"
EndProject
Global
	GlobalSection(SolutionConfigurationPlatforms) = preSolution
		Debug|Any CPU = Debug|Any CPU
		Release|Any CPU = Release|Any CPU
	EndGlobalSection
	GlobalSection(ProjectConfigurationPlatforms) = postSolution
		{397AB237-0F54-48A8-A5E6-9EFBEDC4DDF2}.Debug|Any CPU.ActiveCfg = Debug|Any CPU
		{397AB237-0F54-48A8-A5E6-9EFBEDC4DDF2}.Debug|Any CPU.Build.0 = Debug|Any CPU
		{397AB237-0F54-48A8-A5E6-9EFBEDC4DDF2}.Release|Any CPU.ActiveCfg = Release|Any CPU
		{397AB237-0F54-48A8-A5E6-9EFBEDC4DDF2}.Release|Any CPU.Build.0 = Release|Any CPU
		{6D42A704-E4DA-4D58-BA86-CFE80297C82F}.Debug|Any CPU.ActiveCfg = Debug|Any CPU
		{6D42A704-E4DA-4D58-BA86-CFE80297C82F}.Debug|Any CPU.Build.0 = Debug|Any CPU
		{6D42A704-E4DA-4D58-BA86-CFE80297C82F}.Release|Any CPU.ActiveCfg = Release|Any CPU
		{6D42A704-E4DA-4D58-BA86-CFE80297C82F}.Release|Any CPU.Build.0 = Release|Any CPU
	EndGlobalSection
	GlobalSection(SolutionProperties) = preSolution
		HideSolutionNode = FALSE
	EndGlobalSection
	GlobalSection(ExtensibilityGlobals) = postSolution
		SolutionGuid = {D7E13352-56BD-4E55-92C5-455F5A0E2098}
	EndGlobalSection
EndGlobal
